
Microsoft Visual Studio Solution File, Format Version 12.00
# Visual Studio Version 17
VisualStudioVersion = 17.12.35707.178
MinimumVisualStudioVersion = 10.0.40219.1
Project("{FAE04EC0-301F-11D3-BF4B-00C04F79EFBC}") = "Domain.Core", "01-Domain\Domain.Core.csproj", "{F1F8E6A8-CE77-4E7E-9D37-23AFF9DBA8DB}"
EndProject
Project("{2150E333-8FDC-42A3-9474-1A3956D46DE8}") = "01-Domain", "01-Domain", "{B65FADB1-74FB-484C-825A-4E43FD5A0D7B}"
EndProject
Project("{2150E333-8FDC-42A3-9474-1A3956D46DE8}") = "02-InfraStructure", "02-InfraStructure", "{E68200B4-EE5C-474A-86A3-7FD10BEFF634}"
EndProject
Project("{FAE04EC0-301F-11D3-BF4B-00C04F79EFBC}") = "InfraStructure", "InfraStructure\InfraStructure.csproj", "{E116E832-D1D6-442B-B428-9D53E3E6A5EA}"
EndProject
Project("{2150E333-8FDC-42A3-9474-1A3956D46DE8}") = "03-EndPoints", "03-EndPoints", "{213F9995-35F0-4381-A52F-1DB2973FBA1C}"
EndProject
Project("{2150E333-8FDC-42A3-9474-1A3956D46DE8}") = "Core", "Core", "{39F0FDAA-E361-437B-B1C3-4CC390D3BB58}"
EndProject
Project("{2150E333-8FDC-42A3-9474-1A3956D46DE8}") = "Services", "Services", "{B3F5F74D-CAE1-401B-926B-8AF048E02BB9}"
EndProject
Project("{2150E333-8FDC-42A3-9474-1A3956D46DE8}") = "Service", "Service", "{5A6D5096-929B-4B78-8091-4D3EBCA1B7C6}"
EndProject
Project("{2150E333-8FDC-42A3-9474-1A3956D46DE8}") = "AppService", "AppService", "{5AB1EB8E-C102-4A5F-9C30-04D2F6920939}"
EndProject
Project("{FAE04EC0-301F-11D3-BF4B-00C04F79EFBC}") = "Domain.AppService", "Domain.AppService\Domain.AppService.csproj", "{D73FBA62-2DE4-429F-A099-188CBAEF56B6}"
EndProject
Project("{FAE04EC0-301F-11D3-BF4B-00C04F79EFBC}") = "Domain.Service", "Domain.Service\Domain.Service.csproj", "{F2279CA5-A980-4DF6-9525-48A759DD3978}"
EndProject
Project("{FAE04EC0-301F-11D3-BF4B-00C04F79EFBC}") = "EndPoint.MVC", "EndPoint.MVC\EndPoint.MVC.csproj", "{C0BF2CDA-FA1A-4FCA-AC71-94597E3DA738}"
EndProject
Global
	GlobalSection(SolutionConfigurationPlatforms) = preSolution
		Debug|Any CPU = Debug|Any CPU
		Release|Any CPU = Release|Any CPU
	EndGlobalSection
	GlobalSection(ProjectConfigurationPlatforms) = postSolution
		{F1F8E6A8-CE77-4E7E-9D37-23AFF9DBA8DB}.Debug|Any CPU.ActiveCfg = Debug|Any CPU
		{F1F8E6A8-CE77-4E7E-9D37-23AFF9DBA8DB}.Debug|Any CPU.Build.0 = Debug|Any CPU
		{F1F8E6A8-CE77-4E7E-9D37-23AFF9DBA8DB}.Release|Any CPU.ActiveCfg = Release|Any CPU
		{F1F8E6A8-CE77-4E7E-9D37-23AFF9DBA8DB}.Release|Any CPU.Build.0 = Release|Any CPU
		{E116E832-D1D6-442B-B428-9D53E3E6A5EA}.Debug|Any CPU.ActiveCfg = Debug|Any CPU
		{E116E832-D1D6-442B-B428-9D53E3E6A5EA}.Debug|Any CPU.Build.0 = Debug|Any CPU
		{E116E832-D1D6-442B-B428-9D53E3E6A5EA}.Release|Any CPU.ActiveCfg = Release|Any CPU
		{E116E832-D1D6-442B-B428-9D53E3E6A5EA}.Release|Any CPU.Build.0 = Release|Any CPU
		{D73FBA62-2DE4-429F-A099-188CBAEF56B6}.Debug|Any CPU.ActiveCfg = Debug|Any CPU
		{D73FBA62-2DE4-429F-A099-188CBAEF56B6}.Debug|Any CPU.Build.0 = Debug|Any CPU
		{D73FBA62-2DE4-429F-A099-188CBAEF56B6}.Release|Any CPU.ActiveCfg = Release|Any CPU
		{D73FBA62-2DE4-429F-A099-188CBAEF56B6}.Release|Any CPU.Build.0 = Release|Any CPU
		{F2279CA5-A980-4DF6-9525-48A759DD3978}.Debug|Any CPU.ActiveCfg = Debug|Any CPU
		{F2279CA5-A980-4DF6-9525-48A759DD3978}.Debug|Any CPU.Build.0 = Debug|Any CPU
		{F2279CA5-A980-4DF6-9525-48A759DD3978}.Release|Any CPU.ActiveCfg = Release|Any CPU
		{F2279CA5-A980-4DF6-9525-48A759DD3978}.Release|Any CPU.Build.0 = Release|Any CPU
		{C0BF2CDA-FA1A-4FCA-AC71-94597E3DA738}.Debug|Any CPU.ActiveCfg = Debug|Any CPU
		{C0BF2CDA-FA1A-4FCA-AC71-94597E3DA738}.Debug|Any CPU.Build.0 = Debug|Any CPU
		{C0BF2CDA-FA1A-4FCA-AC71-94597E3DA738}.Release|Any CPU.ActiveCfg = Release|Any CPU
		{C0BF2CDA-FA1A-4FCA-AC71-94597E3DA738}.Release|Any CPU.Build.0 = Release|Any CPU
	EndGlobalSection
	GlobalSection(SolutionProperties) = preSolution
		HideSolutionNode = FALSE
	EndGlobalSection
	GlobalSection(NestedProjects) = preSolution
		{F1F8E6A8-CE77-4E7E-9D37-23AFF9DBA8DB} = {39F0FDAA-E361-437B-B1C3-4CC390D3BB58}
		{E116E832-D1D6-442B-B428-9D53E3E6A5EA} = {E68200B4-EE5C-474A-86A3-7FD10BEFF634}
		{39F0FDAA-E361-437B-B1C3-4CC390D3BB58} = {B65FADB1-74FB-484C-825A-4E43FD5A0D7B}
		{B3F5F74D-CAE1-401B-926B-8AF048E02BB9} = {B65FADB1-74FB-484C-825A-4E43FD5A0D7B}
		{5A6D5096-929B-4B78-8091-4D3EBCA1B7C6} = {B3F5F74D-CAE1-401B-926B-8AF048E02BB9}
		{5AB1EB8E-C102-4A5F-9C30-04D2F6920939} = {B3F5F74D-CAE1-401B-926B-8AF048E02BB9}
		{D73FBA62-2DE4-429F-A099-188CBAEF56B6} = {5AB1EB8E-C102-4A5F-9C30-04D2F6920939}
		{F2279CA5-A980-4DF6-9525-48A759DD3978} = {5A6D5096-929B-4B78-8091-4D3EBCA1B7C6}
		{C0BF2CDA-FA1A-4FCA-AC71-94597E3DA738} = {213F9995-35F0-4381-A52F-1DB2973FBA1C}
	EndGlobalSection
EndGlobal
